
Microsoft Visual Studio Solution File, Format Version 12.00
# Visual Studio 15
VisualStudioVersion = 15.0.28010.2036
MinimumVisualStudioVersion = 10.0.40219.1
Project("{FAE04EC0-301F-11D3-BF4B-00C04F79EFBC}") = "HackerLib", "HackerLib\HackerLib.csproj", "{50DBA8AF-4338-4B92-8D02-E5330821E230}"
EndProject
Global
	GlobalSection(SolutionConfigurationPlatforms) = preSolution
		Debug|Any CPU = Debug|Any CPU
		Release|Any CPU = Release|Any CPU
	EndGlobalSection
	GlobalSection(ProjectConfigurationPlatforms) = postSolution
		{50DBA8AF-4338-4B92-8D02-E5330821E230}.Debug|Any CPU.ActiveCfg = Debug|Any CPU
		{50DBA8AF-4338-4B92-8D02-E5330821E230}.Debug|Any CPU.Build.0 = Debug|Any CPU
		{50DBA8AF-4338-4B92-8D02-E5330821E230}.Release|Any CPU.ActiveCfg = Release|Any CPU
		{50DBA8AF-4338-4B92-8D02-E5330821E230}.Release|Any CPU.Build.0 = Release|Any CPU
	EndGlobalSection
	GlobalSection(SolutionProperties) = preSolution
		HideSolutionNode = FALSE
	EndGlobalSection
	GlobalSection(ExtensibilityGlobals) = postSolution
		SolutionGuid = {D9E5514C-8168-4C00-AB3C-4D540144308E}
	EndGlobalSection
EndGlobal
